// !$*UTF8*$!
{
	archiveVersion = 1;
	classes = {
	};
	objectVersion = 50;
	objects = {

/* Begin PBXAggregateTarget section */
		B3B933D02588E734001D8E47 /* SideMenuControllerSwiftXCFramework */ = {
			isa = PBXAggregateTarget;
			buildConfigurationList = B3B933D12588E734001D8E47 /* Build configuration list for PBXAggregateTarget "SideMenuControllerSwiftXCFramework" */;
			buildPhases = (
				B3FD20C22588F46C0009A1B8 /* ShellScript */,
			);
			dependencies = (
			);
			name = SideMenuControllerSwiftXCFramework;
			productName = SideMenuControllerSwiftXCFramework;
		};
/* End PBXAggregateTarget section */

/* Begin PBXBuildFile section */
		B355FDB9221BEA3200651ECE /* SideMenu.swift in Sources */ = {isa = PBXBuildFile; fileRef = B355FDB8221BEA3100651ECE /* SideMenu.swift */; };
		B355FDBB221BEA3800651ECE /* BaseViewController.swift in Sources */ = {isa = PBXBuildFile; fileRef = B355FDBA221BEA3800651ECE /* BaseViewController.swift */; };
		B355FDBF221C111D00651ECE /* OneViewController.swift in Sources */ = {isa = PBXBuildFile; fileRef = B355FDBE221C111D00651ECE /* OneViewController.swift */; };
		B355FDC1221C112500651ECE /* TwoViewController.swift in Sources */ = {isa = PBXBuildFile; fileRef = B355FDC0221C112500651ECE /* TwoViewController.swift */; };
		B355FDC3221C112B00651ECE /* ThreeViewController.swift in Sources */ = {isa = PBXBuildFile; fileRef = B355FDC2221C112B00651ECE /* ThreeViewController.swift */; };
		B355FDC5221C113200651ECE /* FourViewController.swift in Sources */ = {isa = PBXBuildFile; fileRef = B355FDC4221C113200651ECE /* FourViewController.swift */; };
		B355FDC7221C113900651ECE /* FiveViewController.swift in Sources */ = {isa = PBXBuildFile; fileRef = B355FDC6221C113800651ECE /* FiveViewController.swift */; };
		B3B2571323D82BA30083B16E /* SideMenuControllerSwift.framework in Frameworks */ = {isa = PBXBuildFile; fileRef = B3B7F26A221AA2EF005A3BD0 /* SideMenuControllerSwift.framework */; };
		B3B2571423D82BA30083B16E /* SideMenuControllerSwift.framework in Embed Frameworks */ = {isa = PBXBuildFile; fileRef = B3B7F26A221AA2EF005A3BD0 /* SideMenuControllerSwift.framework */; settings = {ATTRIBUTES = (CodeSignOnCopy, RemoveHeadersOnCopy, ); }; };
		B3B7F26F221AA2EF005A3BD0 /* SideMenuControllerSwift.h in Headers */ = {isa = PBXBuildFile; fileRef = B3B7F26D221AA2EF005A3BD0 /* SideMenuControllerSwift.h */; settings = {ATTRIBUTES = (Public, ); }; };
		B3B7F280221AA382005A3BD0 /* AppDelegate.swift in Sources */ = {isa = PBXBuildFile; fileRef = B3B7F27F221AA382005A3BD0 /* AppDelegate.swift */; };
		B3B7F287221AA393005A3BD0 /* Assets.xcassets in Resources */ = {isa = PBXBuildFile; fileRef = B3B7F286221AA393005A3BD0 /* Assets.xcassets */; };
		B3B7F28A221AA393005A3BD0 /* LaunchScreen.storyboard in Resources */ = {isa = PBXBuildFile; fileRef = B3B7F288221AA393005A3BD0 /* LaunchScreen.storyboard */; };
		B3B7F290221B193C005A3BD0 /* SMCSideMenuDelegate.swift in Sources */ = {isa = PBXBuildFile; fileRef = B3B7F28F221B193C005A3BD0 /* SMCSideMenuDelegate.swift */; };
		B3EFA259221B1AC8002A9A44 /* SMCSideMenuController.swift in Sources */ = {isa = PBXBuildFile; fileRef = B3EFA258221B1AC7002A9A44 /* SMCSideMenuController.swift */; };
		B3EFA25B221B1B04002A9A44 /* SMCSideMenu.swift in Sources */ = {isa = PBXBuildFile; fileRef = B3EFA25A221B1B04002A9A44 /* SMCSideMenu.swift */; };
/* End PBXBuildFile section */

/* Begin PBXContainerItemProxy section */
		B355FDB6221BD6C400651ECE /* PBXContainerItemProxy */ = {
			isa = PBXContainerItemProxy;
			containerPortal = B3B7F261221AA2EF005A3BD0 /* Project object */;
			proxyType = 1;
			remoteGlobalIDString = B3B7F269221AA2EF005A3BD0;
			remoteInfo = SideMenuControllerSwift;
		};
		B3B2571523D82BA30083B16E /* PBXContainerItemProxy */ = {
			isa = PBXContainerItemProxy;
			containerPortal = B3B7F261221AA2EF005A3BD0 /* Project object */;
			proxyType = 1;
			remoteGlobalIDString = B3B7F269221AA2EF005A3BD0;
			remoteInfo = SideMenuControllerSwift;
		};
/* End PBXContainerItemProxy section */

/* Begin PBXCopyFilesBuildPhase section */
		B3B2571723D82BA30083B16E /* Embed Frameworks */ = {
			isa = PBXCopyFilesBuildPhase;
			buildActionMask = 2147483647;
			dstPath = "";
			dstSubfolderSpec = 10;
			files = (
				B3B2571423D82BA30083B16E /* SideMenuControllerSwift.framework in Embed Frameworks */,
			);
			name = "Embed Frameworks";
			runOnlyForDeploymentPostprocessing = 0;
		};
/* End PBXCopyFilesBuildPhase section */

/* Begin PBXFileReference section */
		B355FDB8221BEA3100651ECE /* SideMenu.swift */ = {isa = PBXFileReference; fileEncoding = 4; lastKnownFileType = sourcecode.swift; path = SideMenu.swift; sourceTree = "<group>"; };
		B355FDBA221BEA3800651ECE /* BaseViewController.swift */ = {isa = PBXFileReference; fileEncoding = 4; lastKnownFileType = sourcecode.swift; path = BaseViewController.swift; sourceTree = "<group>"; };
		B355FDBE221C111D00651ECE /* OneViewController.swift */ = {isa = PBXFileReference; fileEncoding = 4; lastKnownFileType = sourcecode.swift; path = OneViewController.swift; sourceTree = "<group>"; };
		B355FDC0221C112500651ECE /* TwoViewController.swift */ = {isa = PBXFileReference; fileEncoding = 4; lastKnownFileType = sourcecode.swift; path = TwoViewController.swift; sourceTree = "<group>"; };
		B355FDC2221C112B00651ECE /* ThreeViewController.swift */ = {isa = PBXFileReference; fileEncoding = 4; lastKnownFileType = sourcecode.swift; path = ThreeViewController.swift; sourceTree = "<group>"; };
		B355FDC4221C113200651ECE /* FourViewController.swift */ = {isa = PBXFileReference; fileEncoding = 4; lastKnownFileType = sourcecode.swift; path = FourViewController.swift; sourceTree = "<group>"; };
		B355FDC6221C113800651ECE /* FiveViewController.swift */ = {isa = PBXFileReference; fileEncoding = 4; lastKnownFileType = sourcecode.swift; path = FiveViewController.swift; sourceTree = "<group>"; };
		B3B7F26A221AA2EF005A3BD0 /* SideMenuControllerSwift.framework */ = {isa = PBXFileReference; explicitFileType = wrapper.framework; includeInIndex = 0; path = SideMenuControllerSwift.framework; sourceTree = BUILT_PRODUCTS_DIR; };
		B3B7F26D221AA2EF005A3BD0 /* SideMenuControllerSwift.h */ = {isa = PBXFileReference; lastKnownFileType = sourcecode.c.h; path = SideMenuControllerSwift.h; sourceTree = "<group>"; };
		B3B7F26E221AA2EF005A3BD0 /* Info.plist */ = {isa = PBXFileReference; lastKnownFileType = text.plist.xml; path = Info.plist; sourceTree = "<group>"; };
		B3B7F27D221AA382005A3BD0 /* SideMenuControllerDemo.app */ = {isa = PBXFileReference; explicitFileType = wrapper.application; includeInIndex = 0; path = SideMenuControllerDemo.app; sourceTree = BUILT_PRODUCTS_DIR; };
		B3B7F27F221AA382005A3BD0 /* AppDelegate.swift */ = {isa = PBXFileReference; lastKnownFileType = sourcecode.swift; path = AppDelegate.swift; sourceTree = "<group>"; };
		B3B7F286221AA393005A3BD0 /* Assets.xcassets */ = {isa = PBXFileReference; lastKnownFileType = folder.assetcatalog; path = Assets.xcassets; sourceTree = "<group>"; };
		B3B7F289221AA393005A3BD0 /* Base */ = {isa = PBXFileReference; lastKnownFileType = file.storyboard; name = Base; path = Base.lproj/LaunchScreen.storyboard; sourceTree = "<group>"; };
		B3B7F28B221AA393005A3BD0 /* Info.plist */ = {isa = PBXFileReference; lastKnownFileType = text.plist.xml; path = Info.plist; sourceTree = "<group>"; };
		B3B7F28F221B193C005A3BD0 /* SMCSideMenuDelegate.swift */ = {isa = PBXFileReference; fileEncoding = 4; lastKnownFileType = sourcecode.swift; path = SMCSideMenuDelegate.swift; sourceTree = "<group>"; };
		B3EFA258221B1AC7002A9A44 /* SMCSideMenuController.swift */ = {isa = PBXFileReference; fileEncoding = 4; lastKnownFileType = sourcecode.swift; path = SMCSideMenuController.swift; sourceTree = "<group>"; };
		B3EFA25A221B1B04002A9A44 /* SMCSideMenu.swift */ = {isa = PBXFileReference; fileEncoding = 4; lastKnownFileType = sourcecode.swift; path = SMCSideMenu.swift; sourceTree = "<group>"; };
/* End PBXFileReference section */

/* Begin PBXFrameworksBuildPhase section */
		B3B7F267221AA2EF005A3BD0 /* Frameworks */ = {
			isa = PBXFrameworksBuildPhase;
			buildActionMask = 2147483647;
			files = (
			);
			runOnlyForDeploymentPostprocessing = 0;
		};
		B3B7F27A221AA382005A3BD0 /* Frameworks */ = {
			isa = PBXFrameworksBuildPhase;
			buildActionMask = 2147483647;
			files = (
				B3B2571323D82BA30083B16E /* SideMenuControllerSwift.framework in Frameworks */,
			);
			runOnlyForDeploymentPostprocessing = 0;
		};
/* End PBXFrameworksBuildPhase section */

/* Begin PBXGroup section */
		B3B2571223D82BA30083B16E /* Frameworks */ = {
			isa = PBXGroup;
			children = (
			);
			name = Frameworks;
			sourceTree = "<group>";
		};
		B3B7F260221AA2EF005A3BD0 = {
			isa = PBXGroup;
			children = (
				B3B7F26C221AA2EF005A3BD0 /* SideMenuControllerSwift */,
				B3B7F27E221AA382005A3BD0 /* SideMenuControllerDemo */,
				B3B7F26B221AA2EF005A3BD0 /* Products */,
				B3B2571223D82BA30083B16E /* Frameworks */,
			);
			sourceTree = "<group>";
		};
		B3B7F26B221AA2EF005A3BD0 /* Products */ = {
			isa = PBXGroup;
			children = (
				B3B7F26A221AA2EF005A3BD0 /* SideMenuControllerSwift.framework */,
				B3B7F27D221AA382005A3BD0 /* SideMenuControllerDemo.app */,
			);
			name = Products;
			sourceTree = "<group>";
		};
		B3B7F26C221AA2EF005A3BD0 /* SideMenuControllerSwift */ = {
			isa = PBXGroup;
			children = (
				B3EFA25A221B1B04002A9A44 /* SMCSideMenu.swift */,
				B3EFA258221B1AC7002A9A44 /* SMCSideMenuController.swift */,
				B3B7F28F221B193C005A3BD0 /* SMCSideMenuDelegate.swift */,
				B3B7F26D221AA2EF005A3BD0 /* SideMenuControllerSwift.h */,
				B3B7F26E221AA2EF005A3BD0 /* Info.plist */,
			);
			path = SideMenuControllerSwift;
			sourceTree = "<group>";
		};
		B3B7F27E221AA382005A3BD0 /* SideMenuControllerDemo */ = {
			isa = PBXGroup;
			children = (
				B355FDC6221C113800651ECE /* FiveViewController.swift */,
				B355FDC4221C113200651ECE /* FourViewController.swift */,
				B355FDC2221C112B00651ECE /* ThreeViewController.swift */,
				B355FDC0221C112500651ECE /* TwoViewController.swift */,
				B355FDBE221C111D00651ECE /* OneViewController.swift */,
				B355FDBA221BEA3800651ECE /* BaseViewController.swift */,
				B355FDB8221BEA3100651ECE /* SideMenu.swift */,
				B3B7F27F221AA382005A3BD0 /* AppDelegate.swift */,
				B3B7F286221AA393005A3BD0 /* Assets.xcassets */,
				B3B7F288221AA393005A3BD0 /* LaunchScreen.storyboard */,
				B3B7F28B221AA393005A3BD0 /* Info.plist */,
			);
			path = SideMenuControllerDemo;
			sourceTree = "<group>";
		};
/* End PBXGroup section */

/* Begin PBXHeadersBuildPhase section */
		B3B7F265221AA2EF005A3BD0 /* Headers */ = {
			isa = PBXHeadersBuildPhase;
			buildActionMask = 2147483647;
			files = (
				B3B7F26F221AA2EF005A3BD0 /* SideMenuControllerSwift.h in Headers */,
			);
			runOnlyForDeploymentPostprocessing = 0;
		};
/* End PBXHeadersBuildPhase section */

/* Begin PBXNativeTarget section */
		B3B7F269221AA2EF005A3BD0 /* SideMenuControllerSwift */ = {
			isa = PBXNativeTarget;
			buildConfigurationList = B3B7F272221AA2EF005A3BD0 /* Build configuration list for PBXNativeTarget "SideMenuControllerSwift" */;
			buildPhases = (
				B3B7F265221AA2EF005A3BD0 /* Headers */,
				B3B7F266221AA2EF005A3BD0 /* Sources */,
				B3B7F267221AA2EF005A3BD0 /* Frameworks */,
				B3B7F268221AA2EF005A3BD0 /* Resources */,
			);
			buildRules = (
			);
			dependencies = (
			);
			name = SideMenuControllerSwift;
			productName = SideMenuControllerSwift;
			productReference = B3B7F26A221AA2EF005A3BD0 /* SideMenuControllerSwift.framework */;
			productType = "com.apple.product-type.framework";
		};
		B3B7F27C221AA382005A3BD0 /* SideMenuControllerDemo */ = {
			isa = PBXNativeTarget;
			buildConfigurationList = B3B7F28C221AA393005A3BD0 /* Build configuration list for PBXNativeTarget "SideMenuControllerDemo" */;
			buildPhases = (
				B3B7F279221AA382005A3BD0 /* Sources */,
				B3B7F27A221AA382005A3BD0 /* Frameworks */,
				B3B7F27B221AA382005A3BD0 /* Resources */,
				B3B2571123D82B750083B16E /* ShellScript */,
				B3B2571723D82BA30083B16E /* Embed Frameworks */,
			);
			buildRules = (
			);
			dependencies = (
				B355FDB7221BD6C400651ECE /* PBXTargetDependency */,
				B3B2571623D82BA30083B16E /* PBXTargetDependency */,
			);
			name = SideMenuControllerDemo;
			productName = SideMenuControllerDemo;
			productReference = B3B7F27D221AA382005A3BD0 /* SideMenuControllerDemo.app */;
			productType = "com.apple.product-type.application";
		};
/* End PBXNativeTarget section */

/* Begin PBXProject section */
		B3B7F261221AA2EF005A3BD0 /* Project object */ = {
			isa = PBXProject;
			attributes = {
				LastSwiftUpdateCheck = 1010;
				LastUpgradeCheck = 1010;
				ORGANIZATIONNAME = "Kouichi ABE (WALL)";
				TargetAttributes = {
					B3B7F269221AA2EF005A3BD0 = {
						CreatedOnToolsVersion = 10.1;
						LastSwiftMigration = 1010;
					};
					B3B7F27C221AA382005A3BD0 = {
						CreatedOnToolsVersion = 10.1;
					};
					B3B933D02588E734001D8E47 = {
						CreatedOnToolsVersion = 12.3;
					};
				};
			};
			buildConfigurationList = B3B7F264221AA2EF005A3BD0 /* Build configuration list for PBXProject "SideMenuControllerSwift" */;
			compatibilityVersion = "Xcode 9.3";
			developmentRegion = en;
			hasScannedForEncodings = 0;
			knownRegions = (
				en,
				Base,
			);
			mainGroup = B3B7F260221AA2EF005A3BD0;
			productRefGroup = B3B7F26B221AA2EF005A3BD0 /* Products */;
			projectDirPath = "";
			projectRoot = "";
			targets = (
				B3B7F269221AA2EF005A3BD0 /* SideMenuControllerSwift */,
				B3B7F27C221AA382005A3BD0 /* SideMenuControllerDemo */,
				B3B933D02588E734001D8E47 /* SideMenuControllerSwiftXCFramework */,
			);
		};
/* End PBXProject section */

/* Begin PBXResourcesBuildPhase section */
		B3B7F268221AA2EF005A3BD0 /* Resources */ = {
			isa = PBXResourcesBuildPhase;
			buildActionMask = 2147483647;
			files = (
			);
			runOnlyForDeploymentPostprocessing = 0;
		};
		B3B7F27B221AA382005A3BD0 /* Resources */ = {
			isa = PBXResourcesBuildPhase;
			buildActionMask = 2147483647;
			files = (
				B3B7F28A221AA393005A3BD0 /* LaunchScreen.storyboard in Resources */,
				B3B7F287221AA393005A3BD0 /* Assets.xcassets in Resources */,
			);
			runOnlyForDeploymentPostprocessing = 0;
		};
/* End PBXResourcesBuildPhase section */

/* Begin PBXShellScriptBuildPhase section */
		B3B2571123D82B750083B16E /* ShellScript */ = {
			isa = PBXShellScriptBuildPhase;
			buildActionMask = 2147483647;
			files = (
			);
			inputFileListPaths = (
			);
			inputPaths = (
			);
			outputFileListPaths = (
			);
			outputPaths = (
			);
			runOnlyForDeploymentPostprocessing = 0;
			shellPath = /bin/sh;
			shellScript = "# skip if we run in debug\nif [ \"$CONFIGURATION\" == \"Debug\" ]; then\necho \"Skip frameworks cleaning in debug version\"\nexit 0\nfi\n\nAPP_PATH=\"${TARGET_BUILD_DIR}/${WRAPPER_NAME}\"\n\n# This script loops through the frameworks embedded in the application and\n# removes unused architectures.\nfind \"$APP_PATH\" -name '*.framework' -type d | while read -r FRAMEWORK\ndo\nFRAMEWORK_EXECUTABLE_NAME=$(defaults read \"$FRAMEWORK/Info.plist\" CFBundleExecutable)\nFRAMEWORK_EXECUTABLE_PATH=\"$FRAMEWORK/$FRAMEWORK_EXECUTABLE_NAME\"\necho \"Executable is $FRAMEWORK_EXECUTABLE_PATH\"\n\nEXTRACTED_ARCHS=()\n\nfor ARCH in $ARCHS\ndo\necho \"Extracting $ARCH from $FRAMEWORK_EXECUTABLE_NAME\"\nlipo -extract \"$ARCH\" \"$FRAMEWORK_EXECUTABLE_PATH\" -o \"$FRAMEWORK_EXECUTABLE_PATH-$ARCH\"\nEXTRACTED_ARCHS+=(\"$FRAMEWORK_EXECUTABLE_PATH-$ARCH\")\ndone\n\necho \"Merging extracted architectures: ${ARCHS}\"\nlipo -o \"$FRAMEWORK_EXECUTABLE_PATH-merged\" -create \"${EXTRACTED_ARCHS[@]}\"\nrm \"${EXTRACTED_ARCHS[@]}\"\n\necho \"Replacing original executable with thinned version\"\nrm \"$FRAMEWORK_EXECUTABLE_PATH\"\nmv \"$FRAMEWORK_EXECUTABLE_PATH-merged\" \"$FRAMEWORK_EXECUTABLE_PATH\"\n\ndone\n\n";
		};
		B3FD20C22588F46C0009A1B8 /* ShellScript */ = {
			isa = PBXShellScriptBuildPhase;
			buildActionMask = 2147483647;
			files = (
			);
			inputFileListPaths = (
			);
			inputPaths = (
			);
			outputFileListPaths = (
			);
			outputPaths = (
			);
			runOnlyForDeploymentPostprocessing = 0;
			shellPath = /bin/sh;
			shellScript = "#!/bin/sh\n\nOUTPUT_FOLDER=${BUILD_DIR}/${CONFIGURATION}-xcframework\n\nARCHS_IOS=\"arm64\"\nARCHS_SIMULATOR=\"x86_64\"\n\n# make sure the output directory exists\nmkdir -p \"${OUTPUT_FOLDER}\"\n\n# Step 1. Archive Device and Simulator versions\nmk_archive() {\n  archs=$1\n  platform=$2\n  output=$3\n\n  xcodebuild \\\n  ENABLE_BITCODE=YES \\\n  BITCODE_GENERATION_MODE=bitcode \\\n  OTHER_CFLAGS=\"-fembed-bitcode\" \\\n  BUILD_LIBRARY_FOR_DISTRIBUTION=YES \\\n  SKIP_INSTALL=NO \\\n  ONLY_ACTIVE_ARCH=YES \\\n  ARCHS=\"${archs}\" \\\n  -project \"${PROJECT_NAME}.xcodeproj\" \\\n  -configuration \"${CONFIGURATION}\" \\\n  -scheme \"${PROJECT_NAME}\" \\\n  -destination \"generic/platform=${platform}\" \\\n  -archivePath \"${OUTPUT_FOLDER}/${PROJECT_NAME}-${output}\" \\\n  archive\n}\n\nmk_archive ${ARCHS_IOS} \"iOS\" \"iOS\"\nmk_archive ${ARCHS_SIMULATOR} \"iOS Simulator\" \"iOS_Simulator\"\n\n# Step 2. Create xcframework with all frameworks\nxcodebuild \\\n-create-xcframework \\\n-framework \"${OUTPUT_FOLDER}/${PROJECT_NAME}-iOS.xcarchive/Products/Library/Frameworks/${PROJECT_NAME}.framework\" \\\n-framework \"${OUTPUT_FOLDER}/${PROJECT_NAME}-iOS_Simulator.xcarchive/Products/Library/Frameworks/${PROJECT_NAME}.framework\" \\\n-output \"${OUTPUT_FOLDER}/${PROJECT_NAME}.xcframework\"\n\n# Step 3. Convenience step to open the output's directory in Finder\nopen \"${OUTPUT_FOLDER}\"\n";
		};
/* End PBXShellScriptBuildPhase section */

/* Begin PBXSourcesBuildPhase section */
		B3B7F266221AA2EF005A3BD0 /* Sources */ = {
			isa = PBXSourcesBuildPhase;
			buildActionMask = 2147483647;
			files = (
				B3B7F290221B193C005A3BD0 /* SMCSideMenuDelegate.swift in Sources */,
				B3EFA259221B1AC8002A9A44 /* SMCSideMenuController.swift in Sources */,
				B3EFA25B221B1B04002A9A44 /* SMCSideMenu.swift in Sources */,
			);
			runOnlyForDeploymentPostprocessing = 0;
		};
		B3B7F279221AA382005A3BD0 /* Sources */ = {
			isa = PBXSourcesBuildPhase;
			buildActionMask = 2147483647;
			files = (
				B355FDC1221C112500651ECE /* TwoViewController.swift in Sources */,
				B3B7F280221AA382005A3BD0 /* AppDelegate.swift in Sources */,
				B355FDC5221C113200651ECE /* FourViewController.swift in Sources */,
				B355FDB9221BEA3200651ECE /* SideMenu.swift in Sources */,
				B355FDC7221C113900651ECE /* FiveViewController.swift in Sources */,
				B355FDC3221C112B00651ECE /* ThreeViewController.swift in Sources */,
				B355FDBB221BEA3800651ECE /* BaseViewController.swift in Sources */,
				B355FDBF221C111D00651ECE /* OneViewController.swift in Sources */,
			);
			runOnlyForDeploymentPostprocessing = 0;
		};
/* End PBXSourcesBuildPhase section */

/* Begin PBXTargetDependency section */
		B355FDB7221BD6C400651ECE /* PBXTargetDependency */ = {
			isa = PBXTargetDependency;
			target = B3B7F269221AA2EF005A3BD0 /* SideMenuControllerSwift */;
			targetProxy = B355FDB6221BD6C400651ECE /* PBXContainerItemProxy */;
		};
		B3B2571623D82BA30083B16E /* PBXTargetDependency */ = {
			isa = PBXTargetDependency;
			target = B3B7F269221AA2EF005A3BD0 /* SideMenuControllerSwift */;
			targetProxy = B3B2571523D82BA30083B16E /* PBXContainerItemProxy */;
		};
/* End PBXTargetDependency section */

/* Begin PBXVariantGroup section */
		B3B7F288221AA393005A3BD0 /* LaunchScreen.storyboard */ = {
			isa = PBXVariantGroup;
			children = (
				B3B7F289221AA393005A3BD0 /* Base */,
			);
			name = LaunchScreen.storyboard;
			sourceTree = "<group>";
		};
/* End PBXVariantGroup section */

/* Begin XCBuildConfiguration section */
		B3B7F270221AA2EF005A3BD0 /* Debug */ = {
			isa = XCBuildConfiguration;
			buildSettings = {
				ALWAYS_SEARCH_USER_PATHS = NO;
				CLANG_ANALYZER_NONNULL = YES;
				CLANG_ANALYZER_NUMBER_OBJECT_CONVERSION = YES_AGGRESSIVE;
				CLANG_CXX_LANGUAGE_STANDARD = "gnu++14";
				CLANG_CXX_LIBRARY = "libc++";
				CLANG_ENABLE_MODULES = YES;
				CLANG_ENABLE_OBJC_ARC = YES;
				CLANG_ENABLE_OBJC_WEAK = YES;
				CLANG_WARN_BLOCK_CAPTURE_AUTORELEASING = YES;
				CLANG_WARN_BOOL_CONVERSION = YES;
				CLANG_WARN_COMMA = YES;
				CLANG_WARN_CONSTANT_CONVERSION = YES;
				CLANG_WARN_DEPRECATED_OBJC_IMPLEMENTATIONS = YES;
				CLANG_WARN_DIRECT_OBJC_ISA_USAGE = YES_ERROR;
				CLANG_WARN_DOCUMENTATION_COMMENTS = YES;
				CLANG_WARN_EMPTY_BODY = YES;
				CLANG_WARN_ENUM_CONVERSION = YES;
				CLANG_WARN_INFINITE_RECURSION = YES;
				CLANG_WARN_INT_CONVERSION = YES;
				CLANG_WARN_NON_LITERAL_NULL_CONVERSION = YES;
				CLANG_WARN_OBJC_IMPLICIT_RETAIN_SELF = YES;
				CLANG_WARN_OBJC_LITERAL_CONVERSION = YES;
				CLANG_WARN_OBJC_ROOT_CLASS = YES_ERROR;
				CLANG_WARN_RANGE_LOOP_ANALYSIS = YES;
				CLANG_WARN_STRICT_PROTOTYPES = YES;
				CLANG_WARN_SUSPICIOUS_MOVE = YES;
				CLANG_WARN_UNGUARDED_AVAILABILITY = YES_AGGRESSIVE;
				CLANG_WARN_UNREACHABLE_CODE = YES;
				CLANG_WARN__DUPLICATE_METHOD_MATCH = YES;
				CODE_SIGN_IDENTITY = "iPhone Developer";
				COPY_PHASE_STRIP = NO;
				CURRENT_PROJECT_VERSION = 1;
				DEBUG_INFORMATION_FORMAT = dwarf;
				ENABLE_STRICT_OBJC_MSGSEND = YES;
				ENABLE_TESTABILITY = YES;
				GCC_C_LANGUAGE_STANDARD = gnu11;
				GCC_DYNAMIC_NO_PIC = NO;
				GCC_NO_COMMON_BLOCKS = YES;
				GCC_OPTIMIZATION_LEVEL = 0;
				GCC_PREPROCESSOR_DEFINITIONS = (
					"DEBUG=1",
					"$(inherited)",
				);
				GCC_WARN_64_TO_32_BIT_CONVERSION = YES;
				GCC_WARN_ABOUT_RETURN_TYPE = YES_ERROR;
				GCC_WARN_UNDECLARED_SELECTOR = YES;
				GCC_WARN_UNINITIALIZED_AUTOS = YES_AGGRESSIVE;
				GCC_WARN_UNUSED_FUNCTION = YES;
				GCC_WARN_UNUSED_VARIABLE = YES;
				IPHONEOS_DEPLOYMENT_TARGET = 13.6;
				MTL_ENABLE_DEBUG_INFO = INCLUDE_SOURCE;
				MTL_FAST_MATH = YES;
				ONLY_ACTIVE_ARCH = YES;
				SDKROOT = iphoneos;
				SWIFT_ACTIVE_COMPILATION_CONDITIONS = DEBUG;
				SWIFT_OPTIMIZATION_LEVEL = "-Onone";
				SWIFT_VERSION = 5.0;
				VERSIONING_SYSTEM = "apple-generic";
				VERSION_INFO_PREFIX = "";
			};
			name = Debug;
		};
		B3B7F271221AA2EF005A3BD0 /* Release */ = {
			isa = XCBuildConfiguration;
			buildSettings = {
				ALWAYS_SEARCH_USER_PATHS = NO;
				CLANG_ANALYZER_NONNULL = YES;
				CLANG_ANALYZER_NUMBER_OBJECT_CONVERSION = YES_AGGRESSIVE;
				CLANG_CXX_LANGUAGE_STANDARD = "gnu++14";
				CLANG_CXX_LIBRARY = "libc++";
				CLANG_ENABLE_MODULES = YES;
				CLANG_ENABLE_OBJC_ARC = YES;
				CLANG_ENABLE_OBJC_WEAK = YES;
				CLANG_WARN_BLOCK_CAPTURE_AUTORELEASING = YES;
				CLANG_WARN_BOOL_CONVERSION = YES;
				CLANG_WARN_COMMA = YES;
				CLANG_WARN_CONSTANT_CONVERSION = YES;
				CLANG_WARN_DEPRECATED_OBJC_IMPLEMENTATIONS = YES;
				CLANG_WARN_DIRECT_OBJC_ISA_USAGE = YES_ERROR;
				CLANG_WARN_DOCUMENTATION_COMMENTS = YES;
				CLANG_WARN_EMPTY_BODY = YES;
				CLANG_WARN_ENUM_CONVERSION = YES;
				CLANG_WARN_INFINITE_RECURSION = YES;
				CLANG_WARN_INT_CONVERSION = YES;
				CLANG_WARN_NON_LITERAL_NULL_CONVERSION = YES;
				CLANG_WARN_OBJC_IMPLICIT_RETAIN_SELF = YES;
				CLANG_WARN_OBJC_LITERAL_CONVERSION = YES;
				CLANG_WARN_OBJC_ROOT_CLASS = YES_ERROR;
				CLANG_WARN_RANGE_LOOP_ANALYSIS = YES;
				CLANG_WARN_STRICT_PROTOTYPES = YES;
				CLANG_WARN_SUSPICIOUS_MOVE = YES;
				CLANG_WARN_UNGUARDED_AVAILABILITY = YES_AGGRESSIVE;
				CLANG_WARN_UNREACHABLE_CODE = YES;
				CLANG_WARN__DUPLICATE_METHOD_MATCH = YES;
				CODE_SIGN_IDENTITY = "iPhone Developer";
				COPY_PHASE_STRIP = NO;
				CURRENT_PROJECT_VERSION = 1;
				DEBUG_INFORMATION_FORMAT = "dwarf-with-dsym";
				ENABLE_NS_ASSERTIONS = NO;
				ENABLE_STRICT_OBJC_MSGSEND = YES;
				GCC_C_LANGUAGE_STANDARD = gnu11;
				GCC_NO_COMMON_BLOCKS = YES;
				GCC_WARN_64_TO_32_BIT_CONVERSION = YES;
				GCC_WARN_ABOUT_RETURN_TYPE = YES_ERROR;
				GCC_WARN_UNDECLARED_SELECTOR = YES;
				GCC_WARN_UNINITIALIZED_AUTOS = YES_AGGRESSIVE;
				GCC_WARN_UNUSED_FUNCTION = YES;
				GCC_WARN_UNUSED_VARIABLE = YES;
				IPHONEOS_DEPLOYMENT_TARGET = 13.6;
				MTL_ENABLE_DEBUG_INFO = NO;
				MTL_FAST_MATH = YES;
				SDKROOT = iphoneos;
				SWIFT_COMPILATION_MODE = wholemodule;
				SWIFT_OPTIMIZATION_LEVEL = "-O";
				SWIFT_VERSION = 5.0;
				VALIDATE_PRODUCT = YES;
				VERSIONING_SYSTEM = "apple-generic";
				VERSION_INFO_PREFIX = "";
			};
			name = Release;
		};
		B3B7F273221AA2EF005A3BD0 /* Debug */ = {
			isa = XCBuildConfiguration;
			buildSettings = {
				CLANG_ENABLE_MODULES = YES;
				CODE_SIGN_IDENTITY = "";
				CODE_SIGN_STYLE = Automatic;
				CURRENT_PROJECT_VERSION = 2;
				DEFINES_MODULE = YES;
				DEVELOPMENT_TEAM = "";
				DYLIB_COMPATIBILITY_VERSION = 1;
				DYLIB_CURRENT_VERSION = 1;
				DYLIB_INSTALL_NAME_BASE = "@rpath";
				INFOPLIST_FILE = SideMenuControllerSwift/Info.plist;
				INSTALL_PATH = "$(LOCAL_LIBRARY_DIR)/Frameworks";
				LD_RUNPATH_SEARCH_PATHS = (
					"$(inherited)",
					"@executable_path/Frameworks",
					"@loader_path/Frameworks",
				);
				MARKETING_VERSION = 1.1;
				PRODUCT_BUNDLE_IDENTIFIER = com.magickworx.SideMenuControllerSwift;
				PRODUCT_NAME = "$(TARGET_NAME:c99extidentifier)";
				SKIP_INSTALL = YES;
				SWIFT_OPTIMIZATION_LEVEL = "-Onone";
				SWIFT_VERSION = 5.0;
				TARGETED_DEVICE_FAMILY = "1,2";
				VALID_ARCHS = "$(ARCHS_STANDARD)";
			};
			name = Debug;
		};
		B3B7F274221AA2EF005A3BD0 /* Release */ = {
			isa = XCBuildConfiguration;
			buildSettings = {
				CLANG_ENABLE_MODULES = YES;
				CODE_SIGN_IDENTITY = "";
				CODE_SIGN_STYLE = Automatic;
				CURRENT_PROJECT_VERSION = 2;
				DEFINES_MODULE = YES;
				DEVELOPMENT_TEAM = "";
				DYLIB_COMPATIBILITY_VERSION = 1;
				DYLIB_CURRENT_VERSION = 1;
				DYLIB_INSTALL_NAME_BASE = "@rpath";
				INFOPLIST_FILE = SideMenuControllerSwift/Info.plist;
				INSTALL_PATH = "$(LOCAL_LIBRARY_DIR)/Frameworks";
				LD_RUNPATH_SEARCH_PATHS = (
					"$(inherited)",
					"@executable_path/Frameworks",
					"@loader_path/Frameworks",
				);
				MARKETING_VERSION = 1.1;
				PRODUCT_BUNDLE_IDENTIFIER = com.magickworx.SideMenuControllerSwift;
				PRODUCT_NAME = "$(TARGET_NAME:c99extidentifier)";
				SKIP_INSTALL = YES;
				SWIFT_VERSION = 5.0;
				TARGETED_DEVICE_FAMILY = "1,2";
				VALID_ARCHS = "$(ARCHS_STANDARD)";
			};
			name = Release;
		};
		B3B7F28D221AA393005A3BD0 /* Debug */ = {
			isa = XCBuildConfiguration;
			buildSettings = {
				ASSETCATALOG_COMPILER_APPICON_NAME = AppIcon;
				CODE_SIGN_STYLE = Automatic;
				INFOPLIST_FILE = SideMenuControllerDemo/Info.plist;
				LD_RUNPATH_SEARCH_PATHS = (
					"$(inherited)",
					"@executable_path/Frameworks",
				);
				PRODUCT_BUNDLE_IDENTIFIER = com.magickworx.SideMenuControllerDemo;
				PRODUCT_NAME = "$(TARGET_NAME)";
				SWIFT_VERSION = 5.0;
				TARGETED_DEVICE_FAMILY = "1,2";
				VALID_ARCHS = "$(ARCHS_STANDARD)";
			};
			name = Debug;
		};
		B3B7F28E221AA393005A3BD0 /* Release */ = {
			isa = XCBuildConfiguration;
			buildSettings = {
				ASSETCATALOG_COMPILER_APPICON_NAME = AppIcon;
				CODE_SIGN_STYLE = Automatic;
				INFOPLIST_FILE = SideMenuControllerDemo/Info.plist;
				LD_RUNPATH_SEARCH_PATHS = (
					"$(inherited)",
					"@executable_path/Frameworks",
				);
				PRODUCT_BUNDLE_IDENTIFIER = com.magickworx.SideMenuControllerDemo;
				PRODUCT_NAME = "$(TARGET_NAME)";
				SWIFT_VERSION = 5.0;
				TARGETED_DEVICE_FAMILY = "1,2";
				VALID_ARCHS = "$(ARCHS_STANDARD)";
			};
			name = Release;
		};
		B3B933D22588E734001D8E47 /* Debug */ = {
			isa = XCBuildConfiguration;
			buildSettings = {
				CODE_SIGN_STYLE = Automatic;
				PRODUCT_NAME = "$(TARGET_NAME)";
			};
			name = Debug;
		};
		B3B933D32588E734001D8E47 /* Release */ = {
			isa = XCBuildConfiguration;
			buildSettings = {
				CODE_SIGN_STYLE = Automatic;
				PRODUCT_NAME = "$(TARGET_NAME)";
			};
			name = Release;
		};
/* End XCBuildConfiguration section */

/* Begin XCConfigurationList section */
		B3B7F264221AA2EF005A3BD0 /* Build configuration list for PBXProject "SideMenuControllerSwift" */ = {
			isa = XCConfigurationList;
			buildConfigurations = (
				B3B7F270221AA2EF005A3BD0 /* Debug */,
				B3B7F271221AA2EF005A3BD0 /* Release */,
			);
			defaultConfigurationIsVisible = 0;
			defaultConfigurationName = Release;
		};
		B3B7F272221AA2EF005A3BD0 /* Build configuration list for PBXNativeTarget "SideMenuControllerSwift" */ = {
			isa = XCConfigurationList;
			buildConfigurations = (
				B3B7F273221AA2EF005A3BD0 /* Debug */,
				B3B7F274221AA2EF005A3BD0 /* Release */,
			);
			defaultConfigurationIsVisible = 0;
			defaultConfigurationName = Release;
		};
		B3B7F28C221AA393005A3BD0 /* Build configuration list for PBXNativeTarget "SideMenuControllerDemo" */ = {
			isa = XCConfigurationList;
			buildConfigurations = (
				B3B7F28D221AA393005A3BD0 /* Debug */,
				B3B7F28E221AA393005A3BD0 /* Release */,
			);
			defaultConfigurationIsVisible = 0;
			defaultConfigurationName = Release;
		};
		B3B933D12588E734001D8E47 /* Build configuration list for PBXAggregateTarget "SideMenuControllerSwiftXCFramework" */ = {
			isa = XCConfigurationList;
			buildConfigurations = (
				B3B933D22588E734001D8E47 /* Debug */,
				B3B933D32588E734001D8E47 /* Release */,
			);
			defaultConfigurationIsVisible = 0;
			defaultConfigurationName = Release;
		};
/* End XCConfigurationList section */
	};
	rootObject = B3B7F261221AA2EF005A3BD0 /* Project object */;
}
